
Microsoft Visual Studio Solution File, Format Version 12.00
# Visual Studio Version 17
VisualStudioVersion = 17.5.33424.131
MinimumVisualStudioVersion = 10.0.40219.1
Project("{8BC9CEB8-8B4A-11D0-8D11-00A0C91BC942}") = "Activity2_134", "Activity2_134\Activity2_134.vcxproj", "{17CA8B43-DD72-4D66-9F59-7444CE100B2D}"
EndProject
Project("{8BC9CEB8-8B4A-11D0-8D11-00A0C91BC942}") = "Latihan2", "Latihan2\Latihan2.vcxproj", "{CB9E0BF8-248E-4559-B0E0-43C1271B251D}"
EndProject
Global
	GlobalSection(SolutionConfigurationPlatforms) = preSolution
		Debug|arm64 = Debug|arm64
		Debug|x64 = Debug|x64
		Debug|x86 = Debug|x86
		Release|arm64 = Release|arm64
		Release|x64 = Release|x64
		Release|x86 = Release|x86
	EndGlobalSection
	GlobalSection(ProjectConfigurationPlatforms) = postSolution
		{17CA8B43-DD72-4D66-9F59-7444CE100B2D}.Debug|arm64.ActiveCfg = Debug|arm64
		{17CA8B43-DD72-4D66-9F59-7444CE100B2D}.Debug|arm64.Build.0 = Debug|arm64
		{17CA8B43-DD72-4D66-9F59-7444CE100B2D}.Debug|x64.ActiveCfg = Debug|x64
		{17CA8B43-DD72-4D66-9F59-7444CE100B2D}.Debug|x64.Build.0 = Debug|x64
		{17CA8B43-DD72-4D66-9F59-7444CE100B2D}.Debug|x86.ActiveCfg = Debug|Win32
		{17CA8B43-DD72-4D66-9F59-7444CE100B2D}.Debug|x86.Build.0 = Debug|Win32
		{17CA8B43-DD72-4D66-9F59-7444CE100B2D}.Release|arm64.ActiveCfg = Release|arm64
		{17CA8B43-DD72-4D66-9F59-7444CE100B2D}.Release|arm64.Build.0 = Release|arm64
		{17CA8B43-DD72-4D66-9F59-7444CE100B2D}.Release|x64.ActiveCfg = Release|x64
		{17CA8B43-DD72-4D66-9F59-7444CE100B2D}.Release|x64.Build.0 = Release|x64
		{17CA8B43-DD72-4D66-9F59-7444CE100B2D}.Release|x86.ActiveCfg = Release|Win32
		{17CA8B43-DD72-4D66-9F59-7444CE100B2D}.Release|x86.Build.0 = Release|Win32
		{CB9E0BF8-248E-4559-B0E0-43C1271B251D}.Debug|arm64.ActiveCfg = Debug|arm64
		{CB9E0BF8-248E-4559-B0E0-43C1271B251D}.Debug|arm64.Build.0 = Debug|arm64
		{CB9E0BF8-248E-4559-B0E0-43C1271B251D}.Debug|x64.ActiveCfg = Debug|x64
		{CB9E0BF8-248E-4559-B0E0-43C1271B251D}.Debug|x64.Build.0 = Debug|x64
		{CB9E0BF8-248E-4559-B0E0-43C1271B251D}.Debug|x86.ActiveCfg = Debug|Win32
		{CB9E0BF8-248E-4559-B0E0-43C1271B251D}.Debug|x86.Build.0 = Debug|Win32
		{CB9E0BF8-248E-4559-B0E0-43C1271B251D}.Release|arm64.ActiveCfg = Release|arm64
		{CB9E0BF8-248E-4559-B0E0-43C1271B251D}.Release|arm64.Build.0 = Release|arm64
		{CB9E0BF8-248E-4559-B0E0-43C1271B251D}.Release|x64.ActiveCfg = Release|x64
		{CB9E0BF8-248E-4559-B0E0-43C1271B251D}.Release|x64.Build.0 = Release|x64
		{CB9E0BF8-248E-4559-B0E0-43C1271B251D}.Release|x86.ActiveCfg = Release|Win32
		{CB9E0BF8-248E-4559-B0E0-43C1271B251D}.Release|x86.Build.0 = Release|Win32
	EndGlobalSection
	GlobalSection(SolutionProperties) = preSolution
		HideSolutionNode = FALSE
	EndGlobalSection
	GlobalSection(ExtensibilityGlobals) = postSolution
		SolutionGuid = {986130B2-6313-441C-9EF1-C1BEE4BAC926}
	EndGlobalSection
EndGlobal
